
Microsoft Visual Studio Solution File, Format Version 12.00
# Visual Studio Version 17
VisualStudioVersion = 17.9.34723.18
MinimumVisualStudioVersion = 10.0.40219.1
Project("{FAE04EC0-301F-11D3-BF4B-00C04F79EFBC}") = "Collections", "Collections\Collections.csproj", "{ADBDA40C-C5C6-4821-B137-000317F96CA2}"
EndProject
Global
	GlobalSection(SolutionConfigurationPlatforms) = preSolution
		Debug|Any CPU = Debug|Any CPU
		Release|Any CPU = Release|Any CPU
	EndGlobalSection
	GlobalSection(ProjectConfigurationPlatforms) = postSolution
		{ADBDA40C-C5C6-4821-B137-000317F96CA2}.Debug|Any CPU.ActiveCfg = Debug|Any CPU
		{ADBDA40C-C5C6-4821-B137-000317F96CA2}.Debug|Any CPU.Build.0 = Debug|Any CPU
		{ADBDA40C-C5C6-4821-B137-000317F96CA2}.Release|Any CPU.ActiveCfg = Release|Any CPU
		{ADBDA40C-C5C6-4821-B137-000317F96CA2}.Release|Any CPU.Build.0 = Release|Any CPU
	EndGlobalSection
	GlobalSection(SolutionProperties) = preSolution
		HideSolutionNode = FALSE
	EndGlobalSection
	GlobalSection(ExtensibilityGlobals) = postSolution
		SolutionGuid = {870AAB29-358D-4ACE-ACC7-0F43297A889C}
	EndGlobalSection
EndGlobal
